
Microsoft Visual Studio Solution File, Format Version 12.00
# Visual Studio 15
Project("{FAE04EC0-301F-11D3-BF4B-00C04F79EFBC}") = "Assembly-CSharp", "Assembly-CSharp.csproj", "{FA76D001-5C6A-97B1-3089-D649ACBBC49F}"
EndProject
Project("{FAE04EC0-301F-11D3-BF4B-00C04F79EFBC}") = "Assembly-CSharp-Editor", "Assembly-CSharp-Editor.csproj", "{812A262A-1CF0-CD11-5A62-3A1E7CD78A64}"
EndProject
Global
	GlobalSection(SolutionConfigurationPlatforms) = preSolution
		Debug|Any CPU = Debug|Any CPU
		Release|Any CPU = Release|Any CPU
	EndGlobalSection
	GlobalSection(ProjectConfigurationPlatforms) = postSolution
		{FA76D001-5C6A-97B1-3089-D649ACBBC49F}.Debug|Any CPU.ActiveCfg = Debug|Any CPU
		{FA76D001-5C6A-97B1-3089-D649ACBBC49F}.Debug|Any CPU.Build.0 = Debug|Any CPU
		{FA76D001-5C6A-97B1-3089-D649ACBBC49F}.Release|Any CPU.ActiveCfg = Release|Any CPU
		{FA76D001-5C6A-97B1-3089-D649ACBBC49F}.Release|Any CPU.Build.0 = Release|Any CPU
		{812A262A-1CF0-CD11-5A62-3A1E7CD78A64}.Debug|Any CPU.ActiveCfg = Debug|Any CPU
		{812A262A-1CF0-CD11-5A62-3A1E7CD78A64}.Debug|Any CPU.Build.0 = Debug|Any CPU
		{812A262A-1CF0-CD11-5A62-3A1E7CD78A64}.Release|Any CPU.ActiveCfg = Release|Any CPU
		{812A262A-1CF0-CD11-5A62-3A1E7CD78A64}.Release|Any CPU.Build.0 = Release|Any CPU
	EndGlobalSection
	GlobalSection(SolutionProperties) = preSolution
		HideSolutionNode = FALSE
	EndGlobalSection
EndGlobal
